
Microsoft Visual Studio Solution File, Format Version 12.00
# Visual Studio Version 17
VisualStudioVersion = 17.10.35122.118
MinimumVisualStudioVersion = 10.0.40219.1
Project("{8BC9CEB8-8B4A-11D0-8D11-00A0C91BC942}") = "Vexora", "Vexora.vcxproj", "{20B481E7-5267-491B-98C5-397DE8432D05}"
EndProject
Global
	GlobalSection(SolutionConfigurationPlatforms) = preSolution
		Debug|x64 = Debug|x64
		Debug|x86 = Debug|x86
		Release|x64 = Release|x64
		Release|x86 = Release|x86
	EndGlobalSection
	GlobalSection(ProjectConfigurationPlatforms) = postSolution
		{20B481E7-5267-491B-98C5-397DE8432D05}.Debug|x64.ActiveCfg = Debug|x64
		{20B481E7-5267-491B-98C5-397DE8432D05}.Debug|x64.Build.0 = Debug|x64
		{20B481E7-5267-491B-98C5-397DE8432D05}.Debug|x86.ActiveCfg = Debug|Win32
		{20B481E7-5267-491B-98C5-397DE8432D05}.Debug|x86.Build.0 = Debug|Win32
		{20B481E7-5267-491B-98C5-397DE8432D05}.Release|x64.ActiveCfg = Release|x64
		{20B481E7-5267-491B-98C5-397DE8432D05}.Release|x64.Build.0 = Release|x64
		{20B481E7-5267-491B-98C5-397DE8432D05}.Release|x86.ActiveCfg = Release|Win32
		{20B481E7-5267-491B-98C5-397DE8432D05}.Release|x86.Build.0 = Release|Win32
	EndGlobalSection
	GlobalSection(SolutionProperties) = preSolution
		HideSolutionNode = FALSE
	EndGlobalSection
	GlobalSection(ExtensibilityGlobals) = postSolution
		SolutionGuid = {ECF186F7-5774-48B9-AFE4-19A186BE70CD}
	EndGlobalSection
EndGlobal
